{
  "version": 4,
  "terraform_version": "1.5.7",
  "serial": 7,
  "lineage": "81879cc4-e36e-6d88-6208-f9ac992a71c1",
  "outputs": {
    "k8s_master_external_ip": {
      "value": "89.169.129.240",
      "type": "string"
    },
    "k8s_worker_external_ip": {
      "value": "89.169.135.228",
      "type": "string"
    },
    "srv_external_ip": {
      "value": "51.250.70.165",
      "type": "string"
    }
  },
  "resources": [
    {
      "mode": "managed",
      "type": "yandex_compute_instance",
      "name": "k8s_master",
      "provider": "provider[\"registry.terraform.io/yandex-cloud/yandex\"]",
      "instances": [
        {
          "schema_version": 1,
          "attributes": {
            "allow_recreate": null,
            "allow_stopping_for_update": null,
            "boot_disk": [
              {
                "auto_delete": true,
                "device_name": "fhm3jd0v2r8rft8nacet",
                "disk_id": "fhm3jd0v2r8rft8nacet",
                "initialize_params": [
                  {
                    "block_size": 4096,
                    "description": "",
                    "image_id": "fd805090je9atk2b9jon",
                    "kms_key_id": "",
                    "name": "",
                    "size": 20,
                    "snapshot_id": "",
                    "type": "network-hdd"
                  }
                ],
                "mode": "READ_WRITE"
              }
            ],
            "created_at": "2025-05-14T23:27:01Z",
            "description": "",
            "filesystem": [],
            "folder_id": "b1gtnd7vkp9k6ojjn4mj",
            "fqdn": "fhmr643k51sluv2dhk31.auto.internal",
            "gpu_cluster_id": "",
            "hardware_generation": [
              {
                "generation2_features": [],
                "legacy_features": [
                  {
                    "pci_topology": "PCI_TOPOLOGY_V1"
                  }
                ]
              }
            ],
            "hostname": "",
            "id": "fhmr643k51sluv2dhk31",
            "labels": null,
            "local_disk": [],
            "maintenance_grace_period": "",
            "maintenance_policy": null,
            "metadata": {
              "ssh-keys": "ubuntu:ssh-rsa AAAAB3NzaC1yc2EAAAADAQABAAACAQDxFqJIfHnimSmb8z+9NN8SZ9JW9ty0DZSU+jPRWY9gafH69w14CtTUoXMutAmJzG4890r2N1yKPKtm+TYx+Xfqg4bLMuvfEYuiIZ+3Nu1yfNI7Uf21NxaiUhKtj1oq6hHwhipsbeG+N3estLfSO2h8kjP90Rc1jCHiWJUejy1gpeEkeLw+Iw7SiZ1SeJkmbphlx/om8MRRHNeWyEFsHohwOJRRENbuu5aqTaMuOxoxS503NoEY24J629rvsa3WwDS23mfGyIl9MPUZPNKhxISOpPUqddg1OkfEc/tHF9D/VKSyRe+13tjcx4D8gSj6PMIifhRzMgavUPJN8VCrC/AwXTqaubqC6rcKpTxVHzjKJJZlXaNW2VZHt6CLwV/FiIwtZ8fkwfdsQXtFW2/kj8qtgOMtLqxnoLvTs7souDTOUtSDrF4RGCx8/yJH9/Ex96SAUp/w3APn0DXJoj+seSCvLwB/7mBvk9EqV4bgJbsYO7ndJ6jJsPdzffT2H0AeIz19Kzz5UtAd7yIh6GHpBzQlZib3tpCrUhIF0qTh2WpfdYWSJO1K47t4pxLqkOihcPdJtSfUOwqfX4PbHcBdvzQMZ4/0WAbaGLnvsEADGq5bFNOiY0zis6CN+y3XfMg78qQFgSur3DOS68HNmmsCiHF1+JVD9s8Jkb5sooZXqQIdvw== diploma-key\n"
            },
            "metadata_options": [
              {
                "aws_v1_http_endpoint": 1,
                "aws_v1_http_token": 2,
                "gce_http_endpoint": 1,
                "gce_http_token": 1
              }
            ],
            "name": "k8s-master",
            "network_acceleration_type": "standard",
            "network_interface": [
              {
                "dns_record": [],
                "index": 0,
                "ip_address": "10.0.0.22",
                "ipv4": true,
                "ipv6": false,
                "ipv6_address": "",
                "ipv6_dns_record": [],
                "mac_address": "d0:0d:1b:31:07:42",
                "nat": true,
                "nat_dns_record": [],
                "nat_ip_address": "89.169.129.240",
                "nat_ip_version": "IPV4",
                "security_group_ids": [],
                "subnet_id": "e9btq2c0en82k00sagt3"
              }
            ],
            "placement_policy": [
              {
                "host_affinity_rules": [],
                "placement_group_id": "",
                "placement_group_partition": 0
              }
            ],
            "platform_id": "standard-v1",
            "resources": [
              {
                "core_fraction": 100,
                "cores": 2,
                "gpus": 0,
                "memory": 4
              }
            ],
            "scheduling_policy": [
              {
                "preemptible": false
              }
            ],
            "secondary_disk": [],
            "service_account_id": "",
            "status": "running",
            "timeouts": null,
            "zone": "ru-central1-a"
          },
          "sensitive_attributes": [],
          "private": "eyJlMmJmYjczMC1lY2FhLTExZTYtOGY4OC0zNDM2M2JjN2M0YzAiOnsiY3JlYXRlIjozMDAwMDAwMDAwMDAsImRlbGV0ZSI6MzAwMDAwMDAwMDAwLCJ1cGRhdGUiOjMwMDAwMDAwMDAwMH0sInNjaGVtYV92ZXJzaW9uIjoiMSJ9",
          "dependencies": [
            "yandex_vpc_network.diploma_network",
            "yandex_vpc_subnet.diploma_subnet"
          ]
        }
      ]
    },
    {
      "mode": "managed",
      "type": "yandex_compute_instance",
      "name": "k8s_worker",
      "provider": "provider[\"registry.terraform.io/yandex-cloud/yandex\"]",
      "instances": [
        {
          "schema_version": 1,
          "attributes": {
            "allow_recreate": null,
            "allow_stopping_for_update": null,
            "boot_disk": [
              {
                "auto_delete": true,
                "device_name": "fhmp2ir6ct5h1526clf7",
                "disk_id": "fhmp2ir6ct5h1526clf7",
                "initialize_params": [
                  {
                    "block_size": 4096,
                    "description": "",
                    "image_id": "fd805090je9atk2b9jon",
                    "kms_key_id": "",
                    "name": "",
                    "size": 20,
                    "snapshot_id": "",
                    "type": "network-hdd"
                  }
                ],
                "mode": "READ_WRITE"
              }
            ],
            "created_at": "2025-05-14T23:27:01Z",
            "description": "",
            "filesystem": [],
            "folder_id": "b1gtnd7vkp9k6ojjn4mj",
            "fqdn": "fhmv8grmpmu6lprie7hg.auto.internal",
            "gpu_cluster_id": "",
            "hardware_generation": [
              {
                "generation2_features": [],
                "legacy_features": [
                  {
                    "pci_topology": "PCI_TOPOLOGY_V1"
                  }
                ]
              }
            ],
            "hostname": "",
            "id": "fhmv8grmpmu6lprie7hg",
            "labels": null,
            "local_disk": [],
            "maintenance_grace_period": "",
            "maintenance_policy": null,
            "metadata": {
              "ssh-keys": "ubuntu:ssh-rsa AAAAB3NzaC1yc2EAAAADAQABAAACAQDxFqJIfHnimSmb8z+9NN8SZ9JW9ty0DZSU+jPRWY9gafH69w14CtTUoXMutAmJzG4890r2N1yKPKtm+TYx+Xfqg4bLMuvfEYuiIZ+3Nu1yfNI7Uf21NxaiUhKtj1oq6hHwhipsbeG+N3estLfSO2h8kjP90Rc1jCHiWJUejy1gpeEkeLw+Iw7SiZ1SeJkmbphlx/om8MRRHNeWyEFsHohwOJRRENbuu5aqTaMuOxoxS503NoEY24J629rvsa3WwDS23mfGyIl9MPUZPNKhxISOpPUqddg1OkfEc/tHF9D/VKSyRe+13tjcx4D8gSj6PMIifhRzMgavUPJN8VCrC/AwXTqaubqC6rcKpTxVHzjKJJZlXaNW2VZHt6CLwV/FiIwtZ8fkwfdsQXtFW2/kj8qtgOMtLqxnoLvTs7souDTOUtSDrF4RGCx8/yJH9/Ex96SAUp/w3APn0DXJoj+seSCvLwB/7mBvk9EqV4bgJbsYO7ndJ6jJsPdzffT2H0AeIz19Kzz5UtAd7yIh6GHpBzQlZib3tpCrUhIF0qTh2WpfdYWSJO1K47t4pxLqkOihcPdJtSfUOwqfX4PbHcBdvzQMZ4/0WAbaGLnvsEADGq5bFNOiY0zis6CN+y3XfMg78qQFgSur3DOS68HNmmsCiHF1+JVD9s8Jkb5sooZXqQIdvw== diploma-key\n"
            },
            "metadata_options": [
              {
                "aws_v1_http_endpoint": 1,
                "aws_v1_http_token": 2,
                "gce_http_endpoint": 1,
                "gce_http_token": 1
              }
            ],
            "name": "k8s-worker",
            "network_acceleration_type": "standard",
            "network_interface": [
              {
                "dns_record": [],
                "index": 0,
                "ip_address": "10.0.0.15",
                "ipv4": true,
                "ipv6": false,
                "ipv6_address": "",
                "ipv6_dns_record": [],
                "mac_address": "d0:0d:1f:44:37:6c",
                "nat": true,
                "nat_dns_record": [],
                "nat_ip_address": "89.169.135.228",
                "nat_ip_version": "IPV4",
                "security_group_ids": [],
                "subnet_id": "e9btq2c0en82k00sagt3"
              }
            ],
            "placement_policy": [
              {
                "host_affinity_rules": [],
                "placement_group_id": "",
                "placement_group_partition": 0
              }
            ],
            "platform_id": "standard-v1",
            "resources": [
              {
                "core_fraction": 100,
                "cores": 2,
                "gpus": 0,
                "memory": 4
              }
            ],
            "scheduling_policy": [
              {
                "preemptible": false
              }
            ],
            "secondary_disk": [],
            "service_account_id": "",
            "status": "running",
            "timeouts": null,
            "zone": "ru-central1-a"
          },
          "sensitive_attributes": [],
          "private": "eyJlMmJmYjczMC1lY2FhLTExZTYtOGY4OC0zNDM2M2JjN2M0YzAiOnsiY3JlYXRlIjozMDAwMDAwMDAwMDAsImRlbGV0ZSI6MzAwMDAwMDAwMDAwLCJ1cGRhdGUiOjMwMDAwMDAwMDAwMH0sInNjaGVtYV92ZXJzaW9uIjoiMSJ9",
          "dependencies": [
            "yandex_vpc_network.diploma_network",
            "yandex_vpc_subnet.diploma_subnet"
          ]
        }
      ]
    },
    {
      "mode": "managed",
      "type": "yandex_compute_instance",
      "name": "srv",
      "provider": "provider[\"registry.terraform.io/yandex-cloud/yandex\"]",
      "instances": [
        {
          "schema_version": 1,
          "attributes": {
            "allow_recreate": null,
            "allow_stopping_for_update": null,
            "boot_disk": [
              {
                "auto_delete": true,
                "device_name": "fhmilaa3s6a06bfhmjd2",
                "disk_id": "fhmilaa3s6a06bfhmjd2",
                "initialize_params": [
                  {
                    "block_size": 4096,
                    "description": "",
                    "image_id": "fd805090je9atk2b9jon",
                    "kms_key_id": "",
                    "name": "",
                    "size": 20,
                    "snapshot_id": "",
                    "type": "network-hdd"
                  }
                ],
                "mode": "READ_WRITE"
              }
            ],
            "created_at": "2025-05-14T23:27:01Z",
            "description": "",
            "filesystem": [],
            "folder_id": "b1gtnd7vkp9k6ojjn4mj",
            "fqdn": "fhm0r6d40673ks78u9ih.auto.internal",
            "gpu_cluster_id": "",
            "hardware_generation": [
              {
                "generation2_features": [],
                "legacy_features": [
                  {
                    "pci_topology": "PCI_TOPOLOGY_V1"
                  }
                ]
              }
            ],
            "hostname": "",
            "id": "fhm0r6d40673ks78u9ih",
            "labels": null,
            "local_disk": [],
            "maintenance_grace_period": "",
            "maintenance_policy": null,
            "metadata": {
              "ssh-keys": "ubuntu:ssh-rsa AAAAB3NzaC1yc2EAAAADAQABAAACAQDxFqJIfHnimSmb8z+9NN8SZ9JW9ty0DZSU+jPRWY9gafH69w14CtTUoXMutAmJzG4890r2N1yKPKtm+TYx+Xfqg4bLMuvfEYuiIZ+3Nu1yfNI7Uf21NxaiUhKtj1oq6hHwhipsbeG+N3estLfSO2h8kjP90Rc1jCHiWJUejy1gpeEkeLw+Iw7SiZ1SeJkmbphlx/om8MRRHNeWyEFsHohwOJRRENbuu5aqTaMuOxoxS503NoEY24J629rvsa3WwDS23mfGyIl9MPUZPNKhxISOpPUqddg1OkfEc/tHF9D/VKSyRe+13tjcx4D8gSj6PMIifhRzMgavUPJN8VCrC/AwXTqaubqC6rcKpTxVHzjKJJZlXaNW2VZHt6CLwV/FiIwtZ8fkwfdsQXtFW2/kj8qtgOMtLqxnoLvTs7souDTOUtSDrF4RGCx8/yJH9/Ex96SAUp/w3APn0DXJoj+seSCvLwB/7mBvk9EqV4bgJbsYO7ndJ6jJsPdzffT2H0AeIz19Kzz5UtAd7yIh6GHpBzQlZib3tpCrUhIF0qTh2WpfdYWSJO1K47t4pxLqkOihcPdJtSfUOwqfX4PbHcBdvzQMZ4/0WAbaGLnvsEADGq5bFNOiY0zis6CN+y3XfMg78qQFgSur3DOS68HNmmsCiHF1+JVD9s8Jkb5sooZXqQIdvw== diploma-key\n"
            },
            "metadata_options": [
              {
                "aws_v1_http_endpoint": 1,
                "aws_v1_http_token": 2,
                "gce_http_endpoint": 1,
                "gce_http_token": 1
              }
            ],
            "name": "srv",
            "network_acceleration_type": "standard",
            "network_interface": [
              {
                "dns_record": [],
                "index": 0,
                "ip_address": "10.0.0.6",
                "ipv4": true,
                "ipv6": false,
                "ipv6_address": "",
                "ipv6_dns_record": [],
                "mac_address": "d0:0d:d9:9a:40:18",
                "nat": true,
                "nat_dns_record": [],
                "nat_ip_address": "51.250.70.165",
                "nat_ip_version": "IPV4",
                "security_group_ids": [],
                "subnet_id": "e9btq2c0en82k00sagt3"
              }
            ],
            "placement_policy": [
              {
                "host_affinity_rules": [],
                "placement_group_id": "",
                "placement_group_partition": 0
              }
            ],
            "platform_id": "standard-v1",
            "resources": [
              {
                "core_fraction": 100,
                "cores": 2,
                "gpus": 0,
                "memory": 2
              }
            ],
            "scheduling_policy": [
              {
                "preemptible": false
              }
            ],
            "secondary_disk": [],
            "service_account_id": "",
            "status": "running",
            "timeouts": null,
            "zone": "ru-central1-a"
          },
          "sensitive_attributes": [],
          "private": "eyJlMmJmYjczMC1lY2FhLTExZTYtOGY4OC0zNDM2M2JjN2M0YzAiOnsiY3JlYXRlIjozMDAwMDAwMDAwMDAsImRlbGV0ZSI6MzAwMDAwMDAwMDAwLCJ1cGRhdGUiOjMwMDAwMDAwMDAwMH0sInNjaGVtYV92ZXJzaW9uIjoiMSJ9",
          "dependencies": [
            "yandex_vpc_network.diploma_network",
            "yandex_vpc_subnet.diploma_subnet"
          ]
        }
      ]
    },
    {
      "mode": "managed",
      "type": "yandex_vpc_network",
      "name": "diploma_network",
      "provider": "provider[\"registry.terraform.io/yandex-cloud/yandex\"]",
      "instances": [
        {
          "schema_version": 0,
          "attributes": {
            "created_at": "2025-05-14T23:26:57Z",
            "default_security_group_id": "enpf2vhc775rf6pu29pk",
            "description": "",
            "folder_id": "b1gtnd7vkp9k6ojjn4mj",
            "id": "enp50qrh51errhhal5tr",
            "labels": {},
            "name": "diploma-network",
            "subnet_ids": [],
            "timeouts": null
          },
          "sensitive_attributes": [],
          "private": "eyJlMmJmYjczMC1lY2FhLTExZTYtOGY4OC0zNDM2M2JjN2M0YzAiOnsiY3JlYXRlIjo2MDAwMDAwMDAwMCwiZGVsZXRlIjo2MDAwMDAwMDAwMCwidXBkYXRlIjo2MDAwMDAwMDAwMH19"
        }
      ]
    },
    {
      "mode": "managed",
      "type": "yandex_vpc_subnet",
      "name": "diploma_subnet",
      "provider": "provider[\"registry.terraform.io/yandex-cloud/yandex\"]",
      "instances": [
        {
          "schema_version": 0,
          "attributes": {
            "created_at": "2025-05-14T23:27:00Z",
            "description": "",
            "dhcp_options": [],
            "folder_id": "b1gtnd7vkp9k6ojjn4mj",
            "id": "e9btq2c0en82k00sagt3",
            "labels": {},
            "name": "diploma-subnet",
            "network_id": "enp50qrh51errhhal5tr",
            "route_table_id": "",
            "timeouts": null,
            "v4_cidr_blocks": [
              "10.0.0.0/24"
            ],
            "v6_cidr_blocks": [],
            "zone": "ru-central1-a"
          },
          "sensitive_attributes": [],
          "private": "eyJlMmJmYjczMC1lY2FhLTExZTYtOGY4OC0zNDM2M2JjN2M0YzAiOnsiY3JlYXRlIjoxODAwMDAwMDAwMDAsImRlbGV0ZSI6MTgwMDAwMDAwMDAwLCJ1cGRhdGUiOjE4MDAwMDAwMDAwMH19",
          "dependencies": [
            "yandex_vpc_network.diploma_network"
          ]
        }
      ]
    }
  ],
  "check_results": null
}
